{
  "version": 4,
  "terraform_version": "1.2.9",
  "serial": 4,
  "lineage": "4650adf2-04a7-faf7-dc3e-2b2990263dee",
  "outputs": {
    "app_service_default_hostname": {
      "value": "https://local-library-app-60.azurewebsites.net",
      "type": "string"
    },
    "app_service_name": {
      "value": "local-library-app-60",
      "type": "string"
    },
    "id": {
      "value": "/subscriptions/85c7908d-8028-4894-af5d-1991ee8f0450/resourceGroups/bicep",
      "type": "string"
    }
  },
  "resources": [
    {
      "mode": "data",
      "type": "azurerm_resource_group",
      "name": "rg",
      "provider": "provider[\"registry.terraform.io/hashicorp/azurerm\"]",
      "instances": [
        {
          "schema_version": 0,
          "attributes": {
            "id": "/subscriptions/85c7908d-8028-4894-af5d-1991ee8f0450/resourceGroups/bicep",
            "location": "eastus",
            "name": "bicep",
            "tags": {},
            "timeouts": null
          },
          "sensitive_attributes": []
        }
      ]
    },
    {
      "mode": "managed",
      "type": "azurerm_app_service",
      "name": "main",
      "provider": "provider[\"registry.terraform.io/hashicorp/azurerm\"]",
      "instances": [
        {
          "schema_version": 0,
          "attributes": {
            "app_service_plan_id": "/subscriptions/85c7908d-8028-4894-af5d-1991ee8f0450/resourceGroups/bicep/providers/Microsoft.Web/serverfarms/local-library-asp-60",
            "app_settings": {},
            "auth_settings": [
              {
                "active_directory": [],
                "additional_login_params": {},
                "allowed_external_redirect_urls": [],
                "default_provider": "",
                "enabled": false,
                "facebook": [],
                "google": [],
                "issuer": "",
                "microsoft": [],
                "runtime_version": "",
                "token_refresh_extension_hours": 0,
                "token_store_enabled": false,
                "twitter": [],
                "unauthenticated_client_action": ""
              }
            ],
            "backup": [],
            "client_affinity_enabled": false,
            "client_cert_enabled": false,
            "client_cert_mode": "Required",
            "connection_string": [],
            "custom_domain_verification_id": "952AFD2300BD46915C9735FCE742CB8DD835BE519AC5DA767C47138E978A4045",
            "default_site_hostname": "local-library-app-60.azurewebsites.net",
            "enabled": true,
            "https_only": false,
            "id": "/subscriptions/85c7908d-8028-4894-af5d-1991ee8f0450/resourceGroups/bicep/providers/Microsoft.Web/sites/local-library-app-60",
            "identity": [],
            "key_vault_reference_identity_id": "SystemAssigned",
            "location": "eastus",
            "logs": [
              {
                "application_logs": [
                  {
                    "azure_blob_storage": [],
                    "file_system_level": "Off"
                  }
                ],
                "detailed_error_messages_enabled": false,
                "failed_request_tracing_enabled": false,
                "http_logs": [
                  {
                    "azure_blob_storage": [],
                    "file_system": []
                  }
                ]
              }
            ],
            "name": "local-library-app-60",
            "outbound_ip_address_list": [
              "52.226.253.206",
              "52.226.254.42",
              "52.226.254.78",
              "20.84.20.158",
              "52.226.254.89",
              "52.226.252.223",
              "20.119.0.18"
            ],
            "outbound_ip_addresses": "52.226.253.206,52.226.254.42,52.226.254.78,20.84.20.158,52.226.254.89,52.226.252.223,20.119.0.18",
            "possible_outbound_ip_address_list": [
              "52.226.253.206",
              "52.226.254.42",
              "52.226.254.78",
              "20.84.20.158",
              "52.226.254.89",
              "52.226.252.223",
              "52.226.254.225",
              "52.226.254.251",
              "52.226.255.14",
              "52.226.255.34",
              "52.226.255.54",
              "52.226.253.203",
              "52.226.255.69",
              "52.226.255.121",
              "52.226.255.133",
              "52.226.255.147",
              "52.226.255.153",
              "52.226.255.182",
              "52.226.255.188",
              "52.226.255.195",
              "20.121.152.7",
              "20.121.152.15",
              "20.121.152.34",
              "20.121.152.86",
              "20.119.0.18"
            ],
            "possible_outbound_ip_addresses": "52.226.253.206,52.226.254.42,52.226.254.78,20.84.20.158,52.226.254.89,52.226.252.223,52.226.254.225,52.226.254.251,52.226.255.14,52.226.255.34,52.226.255.54,52.226.253.203,52.226.255.69,52.226.255.121,52.226.255.133,52.226.255.147,52.226.255.153,52.226.255.182,52.226.255.188,52.226.255.195,20.121.152.7,20.121.152.15,20.121.152.34,20.121.152.86,20.119.0.18",
            "resource_group_name": "bicep",
            "site_config": [
              {
                "acr_use_managed_identity_credentials": false,
                "acr_user_managed_identity_client_id": "",
                "always_on": false,
                "app_command_line": "",
                "auto_swap_slot_name": "",
                "cors": [
                  {
                    "allowed_origins": [],
                    "support_credentials": false
                  }
                ],
                "default_documents": null,
                "dotnet_framework_version": "v4.0",
                "ftps_state": "AllAllowed",
                "health_check_path": "",
                "http2_enabled": false,
                "ip_restriction": [],
                "java_container": "",
                "java_container_version": "",
                "java_version": "",
                "linux_fx_version": "NODE|14",
                "local_mysql_enabled": false,
                "managed_pipeline_mode": "Integrated",
                "min_tls_version": "1.2",
                "number_of_workers": 1,
                "php_version": "",
                "python_version": "",
                "remote_debugging_enabled": false,
                "remote_debugging_version": "VS2019",
                "scm_ip_restriction": [],
                "scm_type": "None",
                "scm_use_main_ip_restriction": false,
                "use_32_bit_worker_process": false,
                "vnet_route_all_enabled": false,
                "websockets_enabled": false,
                "windows_fx_version": ""
              }
            ],
            "site_credential": [
              {
                "password": "Asbo3t6kmtrpNckYKp3vfSLiD380n2bqGnt2YZXrMBbbMbFDNyfMDyDQFc54",
                "username": "$local-library-app-60"
              }
            ],
            "source_control": [
              {
                "branch": "master",
                "manual_integration": false,
                "repo_url": "",
                "rollback_enabled": false,
                "use_mercurial": false
              }
            ],
            "storage_account": [],
            "tags": null,
            "timeouts": null
          },
          "sensitive_attributes": [],
          "private": "eyJlMmJmYjczMC1lY2FhLTExZTYtOGY4OC0zNDM2M2JjN2M0YzAiOnsiY3JlYXRlIjoxODAwMDAwMDAwMDAwLCJkZWxldGUiOjE4MDAwMDAwMDAwMDAsInJlYWQiOjMwMDAwMDAwMDAwMCwidXBkYXRlIjoxODAwMDAwMDAwMDAwfX0=",
          "dependencies": [
            "azurerm_app_service_plan.main",
            "data.azurerm_resource_group.rg",
            "random_string.unique"
          ]
        }
      ]
    },
    {
      "mode": "managed",
      "type": "azurerm_app_service_plan",
      "name": "main",
      "provider": "provider[\"registry.terraform.io/hashicorp/azurerm\"]",
      "instances": [
        {
          "schema_version": 0,
          "attributes": {
            "app_service_environment_id": "",
            "id": "/subscriptions/85c7908d-8028-4894-af5d-1991ee8f0450/resourceGroups/bicep/providers/Microsoft.Web/serverfarms/local-library-asp-60",
            "is_xenon": false,
            "kind": "linux",
            "location": "eastus",
            "maximum_elastic_worker_count": 1,
            "maximum_number_of_workers": 10,
            "name": "local-library-asp-60",
            "per_site_scaling": false,
            "reserved": true,
            "resource_group_name": "bicep",
            "sku": [
              {
                "capacity": 1,
                "size": "S1",
                "tier": "Standard"
              }
            ],
            "tags": null,
            "timeouts": null,
            "zone_redundant": false
          },
          "sensitive_attributes": [],
          "private": "eyJlMmJmYjczMC1lY2FhLTExZTYtOGY4OC0zNDM2M2JjN2M0YzAiOnsiY3JlYXRlIjozNjAwMDAwMDAwMDAwLCJkZWxldGUiOjM2MDAwMDAwMDAwMDAsInJlYWQiOjMwMDAwMDAwMDAwMCwidXBkYXRlIjozNjAwMDAwMDAwMDAwfX0=",
          "dependencies": [
            "data.azurerm_resource_group.rg",
            "random_string.unique"
          ]
        }
      ]
    },
    {
      "mode": "managed",
      "type": "random_string",
      "name": "unique",
      "provider": "provider[\"registry.terraform.io/hashicorp/random\"]",
      "instances": [
        {
          "schema_version": 2,
          "attributes": {
            "id": "60",
            "keepers": null,
            "length": 2,
            "lower": true,
            "min_lower": 0,
            "min_numeric": 0,
            "min_special": 0,
            "min_upper": 0,
            "number": true,
            "numeric": true,
            "override_special": null,
            "result": "60",
            "special": false,
            "upper": false
          },
          "sensitive_attributes": []
        }
      ]
    }
  ]
}
